
Microsoft Visual Studio Solution File, Format Version 12.00
# Visual Studio Version 17
VisualStudioVersion = 17.14.36301.6
MinimumVisualStudioVersion = 10.0.40219.1
Project("{FAE04EC0-301F-11D3-BF4B-00C04F79EFBC}") = "Kalorhytm.Contracts", "Kalorhytm.Contracts\Kalorhytm.Contracts.csproj", "{12C5BE6A-44DA-A7A4-EC62-45591C4F6695}"
EndProject
Project("{FAE04EC0-301F-11D3-BF4B-00C04F79EFBC}") = "Kalorhytm.Domain", "Kalorhytm.Domain\Kalorhytm.Domain.csproj", "{71EF5240-2B74-1B63-C0A6-A041927A603A}"
EndProject
Project("{FAE04EC0-301F-11D3-BF4B-00C04F79EFBC}") = "Kalorhytm.Infrastructure", "Kalorhytm.Infrastructure\Kalorhytm.Infrastructure.csproj", "{8A36D929-4577-1CD6-CD5B-A341290C0914}"
EndProject
Project("{FAE04EC0-301F-11D3-BF4B-00C04F79EFBC}") = "Kalorhytm.Logic", "Kalorhytm.Logic\Kalorhytm.Logic.csproj", "{31BECCBC-0D68-F1FF-DBF3-E52B58E40AD7}"
EndProject
Project("{FAE04EC0-301F-11D3-BF4B-00C04F79EFBC}") = "Kalorhytm.WebApp", "Kalorhytm.WebApp\Kalorhytm.WebApp.csproj", "{C41B516A-B940-0236-C929-228175922F32}"
EndProject
Global
	GlobalSection(SolutionConfigurationPlatforms) = preSolution
		Debug|Any CPU = Debug|Any CPU
		Debug|x64 = Debug|x64
		Debug|x86 = Debug|x86
		Release|Any CPU = Release|Any CPU
		Release|x64 = Release|x64
		Release|x86 = Release|x86
	EndGlobalSection
	GlobalSection(ProjectConfigurationPlatforms) = postSolution
		{12C5BE6A-44DA-A7A4-EC62-45591C4F6695}.Debug|Any CPU.ActiveCfg = Debug|Any CPU
		{12C5BE6A-44DA-A7A4-EC62-45591C4F6695}.Debug|Any CPU.Build.0 = Debug|Any CPU
		{12C5BE6A-44DA-A7A4-EC62-45591C4F6695}.Debug|x64.ActiveCfg = Debug|Any CPU
		{12C5BE6A-44DA-A7A4-EC62-45591C4F6695}.Debug|x64.Build.0 = Debug|Any CPU
		{12C5BE6A-44DA-A7A4-EC62-45591C4F6695}.Debug|x86.ActiveCfg = Debug|Any CPU
		{12C5BE6A-44DA-A7A4-EC62-45591C4F6695}.Debug|x86.Build.0 = Debug|Any CPU
		{12C5BE6A-44DA-A7A4-EC62-45591C4F6695}.Release|Any CPU.ActiveCfg = Release|Any CPU
		{12C5BE6A-44DA-A7A4-EC62-45591C4F6695}.Release|Any CPU.Build.0 = Release|Any CPU
		{12C5BE6A-44DA-A7A4-EC62-45591C4F6695}.Release|x64.ActiveCfg = Release|Any CPU
		{12C5BE6A-44DA-A7A4-EC62-45591C4F6695}.Release|x64.Build.0 = Release|Any CPU
		{12C5BE6A-44DA-A7A4-EC62-45591C4F6695}.Release|x86.ActiveCfg = Release|Any CPU
		{12C5BE6A-44DA-A7A4-EC62-45591C4F6695}.Release|x86.Build.0 = Release|Any CPU
		{71EF5240-2B74-1B63-C0A6-A041927A603A}.Debug|Any CPU.ActiveCfg = Debug|Any CPU
		{71EF5240-2B74-1B63-C0A6-A041927A603A}.Debug|Any CPU.Build.0 = Debug|Any CPU
		{71EF5240-2B74-1B63-C0A6-A041927A603A}.Debug|x64.ActiveCfg = Debug|Any CPU
		{71EF5240-2B74-1B63-C0A6-A041927A603A}.Debug|x64.Build.0 = Debug|Any CPU
		{71EF5240-2B74-1B63-C0A6-A041927A603A}.Debug|x86.ActiveCfg = Debug|Any CPU
		{71EF5240-2B74-1B63-C0A6-A041927A603A}.Debug|x86.Build.0 = Debug|Any CPU
		{71EF5240-2B74-1B63-C0A6-A041927A603A}.Release|Any CPU.ActiveCfg = Release|Any CPU
		{71EF5240-2B74-1B63-C0A6-A041927A603A}.Release|Any CPU.Build.0 = Release|Any CPU
		{71EF5240-2B74-1B63-C0A6-A041927A603A}.Release|x64.ActiveCfg = Release|Any CPU
		{71EF5240-2B74-1B63-C0A6-A041927A603A}.Release|x64.Build.0 = Release|Any CPU
		{71EF5240-2B74-1B63-C0A6-A041927A603A}.Release|x86.ActiveCfg = Release|Any CPU
		{71EF5240-2B74-1B63-C0A6-A041927A603A}.Release|x86.Build.0 = Release|Any CPU
		{8A36D929-4577-1CD6-CD5B-A341290C0914}.Debug|Any CPU.ActiveCfg = Debug|Any CPU
		{8A36D929-4577-1CD6-CD5B-A341290C0914}.Debug|Any CPU.Build.0 = Debug|Any CPU
		{8A36D929-4577-1CD6-CD5B-A341290C0914}.Debug|x64.ActiveCfg = Debug|Any CPU
		{8A36D929-4577-1CD6-CD5B-A341290C0914}.Debug|x64.Build.0 = Debug|Any CPU
		{8A36D929-4577-1CD6-CD5B-A341290C0914}.Debug|x86.ActiveCfg = Debug|Any CPU
		{8A36D929-4577-1CD6-CD5B-A341290C0914}.Debug|x86.Build.0 = Debug|Any CPU
		{8A36D929-4577-1CD6-CD5B-A341290C0914}.Release|Any CPU.ActiveCfg = Release|Any CPU
		{8A36D929-4577-1CD6-CD5B-A341290C0914}.Release|Any CPU.Build.0 = Release|Any CPU
		{8A36D929-4577-1CD6-CD5B-A341290C0914}.Release|x64.ActiveCfg = Release|Any CPU
		{8A36D929-4577-1CD6-CD5B-A341290C0914}.Release|x64.Build.0 = Release|Any CPU
		{8A36D929-4577-1CD6-CD5B-A341290C0914}.Release|x86.ActiveCfg = Release|Any CPU
		{8A36D929-4577-1CD6-CD5B-A341290C0914}.Release|x86.Build.0 = Release|Any CPU
		{31BECCBC-0D68-F1FF-DBF3-E52B58E40AD7}.Debug|Any CPU.ActiveCfg = Debug|Any CPU
		{31BECCBC-0D68-F1FF-DBF3-E52B58E40AD7}.Debug|Any CPU.Build.0 = Debug|Any CPU
		{31BECCBC-0D68-F1FF-DBF3-E52B58E40AD7}.Debug|x64.ActiveCfg = Debug|Any CPU
		{31BECCBC-0D68-F1FF-DBF3-E52B58E40AD7}.Debug|x64.Build.0 = Debug|Any CPU
		{31BECCBC-0D68-F1FF-DBF3-E52B58E40AD7}.Debug|x86.ActiveCfg = Debug|Any CPU
		{31BECCBC-0D68-F1FF-DBF3-E52B58E40AD7}.Debug|x86.Build.0 = Debug|Any CPU
		{31BECCBC-0D68-F1FF-DBF3-E52B58E40AD7}.Release|Any CPU.ActiveCfg = Release|Any CPU
		{31BECCBC-0D68-F1FF-DBF3-E52B58E40AD7}.Release|Any CPU.Build.0 = Release|Any CPU
		{31BECCBC-0D68-F1FF-DBF3-E52B58E40AD7}.Release|x64.ActiveCfg = Release|Any CPU
		{31BECCBC-0D68-F1FF-DBF3-E52B58E40AD7}.Release|x64.Build.0 = Release|Any CPU
		{31BECCBC-0D68-F1FF-DBF3-E52B58E40AD7}.Release|x86.ActiveCfg = Release|Any CPU
		{31BECCBC-0D68-F1FF-DBF3-E52B58E40AD7}.Release|x86.Build.0 = Release|Any CPU
		{C41B516A-B940-0236-C929-228175922F32}.Debug|Any CPU.ActiveCfg = Debug|Any CPU
		{C41B516A-B940-0236-C929-228175922F32}.Debug|Any CPU.Build.0 = Debug|Any CPU
		{C41B516A-B940-0236-C929-228175922F32}.Debug|x64.ActiveCfg = Debug|Any CPU
		{C41B516A-B940-0236-C929-228175922F32}.Debug|x64.Build.0 = Debug|Any CPU
		{C41B516A-B940-0236-C929-228175922F32}.Debug|x86.ActiveCfg = Debug|Any CPU
		{C41B516A-B940-0236-C929-228175922F32}.Debug|x86.Build.0 = Debug|Any CPU
		{C41B516A-B940-0236-C929-228175922F32}.Release|Any CPU.ActiveCfg = Release|Any CPU
		{C41B516A-B940-0236-C929-228175922F32}.Release|Any CPU.Build.0 = Release|Any CPU
		{C41B516A-B940-0236-C929-228175922F32}.Release|x64.ActiveCfg = Release|Any CPU
		{C41B516A-B940-0236-C929-228175922F32}.Release|x64.Build.0 = Release|Any CPU
		{C41B516A-B940-0236-C929-228175922F32}.Release|x86.ActiveCfg = Release|Any CPU
		{C41B516A-B940-0236-C929-228175922F32}.Release|x86.Build.0 = Release|Any CPU
	EndGlobalSection
	GlobalSection(SolutionProperties) = preSolution
		HideSolutionNode = FALSE
	EndGlobalSection
	GlobalSection(ExtensibilityGlobals) = postSolution
		SolutionGuid = {19A9E29B-A5F8-4D9B-B9B3-5397238FF6D4}
	EndGlobalSection
EndGlobal
